
Microsoft Visual Studio Solution File, Format Version 12.00
# Visual Studio Version 17
VisualStudioVersion = 17.5.002.0
MinimumVisualStudioVersion = 10.0.40219.1
Project("{9A19103F-16F7-4668-BE54-9A1E7A4F7556}") = "TokenFunctionApp", "TokenFunctionApp.csproj", "{EB0EE0EA-FD01-4D37-AE21-C9DFE5AFCCCA}"
EndProject
Global
	GlobalSection(SolutionConfigurationPlatforms) = preSolution
		Debug|Any CPU = Debug|Any CPU
		Release|Any CPU = Release|Any CPU
	EndGlobalSection
	GlobalSection(ProjectConfigurationPlatforms) = postSolution
		{EB0EE0EA-FD01-4D37-AE21-C9DFE5AFCCCA}.Debug|Any CPU.ActiveCfg = Debug|Any CPU
		{EB0EE0EA-FD01-4D37-AE21-C9DFE5AFCCCA}.Debug|Any CPU.Build.0 = Debug|Any CPU
		{EB0EE0EA-FD01-4D37-AE21-C9DFE5AFCCCA}.Release|Any CPU.ActiveCfg = Release|Any CPU
		{EB0EE0EA-FD01-4D37-AE21-C9DFE5AFCCCA}.Release|Any CPU.Build.0 = Release|Any CPU
	EndGlobalSection
	GlobalSection(SolutionProperties) = preSolution
		HideSolutionNode = FALSE
	EndGlobalSection
	GlobalSection(ExtensibilityGlobals) = postSolution
		SolutionGuid = {9D82FDD3-D686-4695-A5D5-C5CEEC5197D4}
	EndGlobalSection
EndGlobal
